
Microsoft Visual Studio Solution File, Format Version 12.00
# Visual Studio Version 17
VisualStudioVersion = 17.2.32526.322
MinimumVisualStudioVersion = 10.0.40219.1
Project("{FAE04EC0-301F-11D3-BF4B-00C04F79EFBC}") = "ADO.NET _example", "ADO.NET _example\ADO.NET _example.csproj", "{66EB455E-C1E2-4615-B2AC-4020E4435985}"
EndProject
Global
	GlobalSection(SolutionConfigurationPlatforms) = preSolution
		Debug|Any CPU = Debug|Any CPU
		Release|Any CPU = Release|Any CPU
	EndGlobalSection
	GlobalSection(ProjectConfigurationPlatforms) = postSolution
		{66EB455E-C1E2-4615-B2AC-4020E4435985}.Debug|Any CPU.ActiveCfg = Debug|Any CPU
		{66EB455E-C1E2-4615-B2AC-4020E4435985}.Debug|Any CPU.Build.0 = Debug|Any CPU
		{66EB455E-C1E2-4615-B2AC-4020E4435985}.Release|Any CPU.ActiveCfg = Release|Any CPU
		{66EB455E-C1E2-4615-B2AC-4020E4435985}.Release|Any CPU.Build.0 = Release|Any CPU
	EndGlobalSection
	GlobalSection(SolutionProperties) = preSolution
		HideSolutionNode = FALSE
	EndGlobalSection
	GlobalSection(ExtensibilityGlobals) = postSolution
		SolutionGuid = {EB254FAC-5B83-4083-A756-E29C72B3857C}
	EndGlobalSection
EndGlobal
